// !$*UTF8*$!
{
	archiveVersion = 1;
	classes = {
	};
	objectVersion = 56;
	objects = {

/* Begin PBXBuildFile section */
		F1DECF732A04E8D5008DE277 /* AppDelegate.swift in Sources */ = {isa = PBXBuildFile; fileRef = F1DECF722A04E8D5008DE277 /* AppDelegate.swift */; };
		F1DECF752A04E8D5008DE277 /* SceneDelegate.swift in Sources */ = {isa = PBXBuildFile; fileRef = F1DECF742A04E8D5008DE277 /* SceneDelegate.swift */; };
		F1DECF772A04E8D5008DE277 /* ConversationViewController.swift in Sources */ = {isa = PBXBuildFile; fileRef = F1DECF762A04E8D5008DE277 /* ConversationViewController.swift */; };
		F1DECF7A2A04E8D5008DE277 /* Main.storyboard in Resources */ = {isa = PBXBuildFile; fileRef = F1DECF782A04E8D5008DE277 /* Main.storyboard */; };
		F1DECF7C2A04E8D5008DE277 /* Assets.xcassets in Resources */ = {isa = PBXBuildFile; fileRef = F1DECF7B2A04E8D5008DE277 /* Assets.xcassets */; };
		F1DECF7F2A04E8D5008DE277 /* LaunchScreen.storyboard in Resources */ = {isa = PBXBuildFile; fileRef = F1DECF7D2A04E8D5008DE277 /* LaunchScreen.storyboard */; };
		F1DECF8D2A04F2AE008DE277 /* LoginViewController.swift in Sources */ = {isa = PBXBuildFile; fileRef = F1DECF8C2A04F2AE008DE277 /* LoginViewController.swift */; };
		F1DECF8F2A04F2C2008DE277 /* RegisterViewController.swift in Sources */ = {isa = PBXBuildFile; fileRef = F1DECF8E2A04F2C2008DE277 /* RegisterViewController.swift */; };
		F1DECF912A04F2E6008DE277 /* PhotoViewerViewController.swift in Sources */ = {isa = PBXBuildFile; fileRef = F1DECF902A04F2E6008DE277 /* PhotoViewerViewController.swift */; };
		F1DECF932A04F2F1008DE277 /* VideoPlayerViewController.swift in Sources */ = {isa = PBXBuildFile; fileRef = F1DECF922A04F2F1008DE277 /* VideoPlayerViewController.swift */; };
		F1DECF952A04F322008DE277 /* NewConversationViewController.swift in Sources */ = {isa = PBXBuildFile; fileRef = F1DECF942A04F322008DE277 /* NewConversationViewController.swift */; };
		F1DECF972A04F32D008DE277 /* ProfileViewController.swift in Sources */ = {isa = PBXBuildFile; fileRef = F1DECF962A04F32D008DE277 /* ProfileViewController.swift */; };
/* End PBXBuildFile section */

/* Begin PBXFileReference section */
		F1DECF6F2A04E8D5008DE277 /* Messenger.app */ = {isa = PBXFileReference; explicitFileType = wrapper.application; includeInIndex = 0; path = Messenger.app; sourceTree = BUILT_PRODUCTS_DIR; };
		F1DECF722A04E8D5008DE277 /* AppDelegate.swift */ = {isa = PBXFileReference; lastKnownFileType = sourcecode.swift; path = AppDelegate.swift; sourceTree = "<group>"; };
		F1DECF742A04E8D5008DE277 /* SceneDelegate.swift */ = {isa = PBXFileReference; lastKnownFileType = sourcecode.swift; path = SceneDelegate.swift; sourceTree = "<group>"; };
		F1DECF762A04E8D5008DE277 /* ConversationViewController.swift */ = {isa = PBXFileReference; lastKnownFileType = sourcecode.swift; path = ConversationViewController.swift; sourceTree = "<group>"; };
		F1DECF792A04E8D5008DE277 /* Base */ = {isa = PBXFileReference; lastKnownFileType = file.storyboard; name = Base; path = Base.lproj/Main.storyboard; sourceTree = "<group>"; };
		F1DECF7B2A04E8D5008DE277 /* Assets.xcassets */ = {isa = PBXFileReference; lastKnownFileType = folder.assetcatalog; path = Assets.xcassets; sourceTree = "<group>"; };
		F1DECF7E2A04E8D5008DE277 /* Base */ = {isa = PBXFileReference; lastKnownFileType = file.storyboard; name = Base; path = Base.lproj/LaunchScreen.storyboard; sourceTree = "<group>"; };
		F1DECF802A04E8D5008DE277 /* Info.plist */ = {isa = PBXFileReference; lastKnownFileType = text.plist.xml; path = Info.plist; sourceTree = "<group>"; };
		F1DECF8C2A04F2AE008DE277 /* LoginViewController.swift */ = {isa = PBXFileReference; lastKnownFileType = sourcecode.swift; path = LoginViewController.swift; sourceTree = "<group>"; };
		F1DECF8E2A04F2C2008DE277 /* RegisterViewController.swift */ = {isa = PBXFileReference; lastKnownFileType = sourcecode.swift; path = RegisterViewController.swift; sourceTree = "<group>"; };
		F1DECF902A04F2E6008DE277 /* PhotoViewerViewController.swift */ = {isa = PBXFileReference; lastKnownFileType = sourcecode.swift; path = PhotoViewerViewController.swift; sourceTree = "<group>"; };
		F1DECF922A04F2F1008DE277 /* VideoPlayerViewController.swift */ = {isa = PBXFileReference; lastKnownFileType = sourcecode.swift; path = VideoPlayerViewController.swift; sourceTree = "<group>"; };
		F1DECF942A04F322008DE277 /* NewConversationViewController.swift */ = {isa = PBXFileReference; lastKnownFileType = sourcecode.swift; path = NewConversationViewController.swift; sourceTree = "<group>"; };
		F1DECF962A04F32D008DE277 /* ProfileViewController.swift */ = {isa = PBXFileReference; lastKnownFileType = sourcecode.swift; path = ProfileViewController.swift; sourceTree = "<group>"; };
/* End PBXFileReference section */

/* Begin PBXFrameworksBuildPhase section */
		F1DECF6C2A04E8D5008DE277 /* Frameworks */ = {
			isa = PBXFrameworksBuildPhase;
			buildActionMask = 2147483647;
			files = (
			);
			runOnlyForDeploymentPostprocessing = 0;
		};
/* End PBXFrameworksBuildPhase section */

/* Begin PBXGroup section */
		F1DECF662A04E8D5008DE277 = {
			isa = PBXGroup;
			children = (
				F1DECF712A04E8D5008DE277 /* Messenger */,
				F1DECF702A04E8D5008DE277 /* Products */,
			);
			sourceTree = "<group>";
		};
		F1DECF702A04E8D5008DE277 /* Products */ = {
			isa = PBXGroup;
			children = (
				F1DECF6F2A04E8D5008DE277 /* Messenger.app */,
			);
			name = Products;
			sourceTree = "<group>";
		};
		F1DECF712A04E8D5008DE277 /* Messenger */ = {
			isa = PBXGroup;
			children = (
				F1DECF8A2A04F0DA008DE277 /* Resources */,
				F1DECF892A04F0D4008DE277 /* ViewModels */,
				F1DECF882A04F0CB008DE277 /* Models */,
				F1DECF872A04F0C5008DE277 /* Views */,
				F1DECF862A04F0B8008DE277 /* Controllers */,
				F1DECF7B2A04E8D5008DE277 /* Assets.xcassets */,
				F1DECF802A04E8D5008DE277 /* Info.plist */,
			);
			path = Messenger;
			sourceTree = "<group>";
		};
		F1DECF862A04F0B8008DE277 /* Controllers */ = {
			isa = PBXGroup;
			children = (
				F1DECF762A04E8D5008DE277 /* ConversationViewController.swift */,
				F1DECF8C2A04F2AE008DE277 /* LoginViewController.swift */,
				F1DECF8E2A04F2C2008DE277 /* RegisterViewController.swift */,
				F1DECF902A04F2E6008DE277 /* PhotoViewerViewController.swift */,
				F1DECF922A04F2F1008DE277 /* VideoPlayerViewController.swift */,
				F1DECF942A04F322008DE277 /* NewConversationViewController.swift */,
				F1DECF962A04F32D008DE277 /* ProfileViewController.swift */,
			);
			path = Controllers;
			sourceTree = "<group>";
		};
		F1DECF872A04F0C5008DE277 /* Views */ = {
			isa = PBXGroup;
			children = (
				F1DECF8B2A04F12A008DE277 /* Storyboards */,
			);
			path = Views;
			sourceTree = "<group>";
		};
		F1DECF882A04F0CB008DE277 /* Models */ = {
			isa = PBXGroup;
			children = (
			);
			path = Models;
			sourceTree = "<group>";
		};
		F1DECF892A04F0D4008DE277 /* ViewModels */ = {
			isa = PBXGroup;
			children = (
			);
			path = ViewModels;
			sourceTree = "<group>";
		};
		F1DECF8A2A04F0DA008DE277 /* Resources */ = {
			isa = PBXGroup;
			children = (
				F1DECF722A04E8D5008DE277 /* AppDelegate.swift */,
				F1DECF742A04E8D5008DE277 /* SceneDelegate.swift */,
			);
			path = Resources;
			sourceTree = "<group>";
		};
		F1DECF8B2A04F12A008DE277 /* Storyboards */ = {
			isa = PBXGroup;
			children = (
				F1DECF7D2A04E8D5008DE277 /* LaunchScreen.storyboard */,
				F1DECF782A04E8D5008DE277 /* Main.storyboard */,
			);
			name = Storyboards;
			sourceTree = "<group>";
		};
/* End PBXGroup section */

/* Begin PBXNativeTarget section */
		F1DECF6E2A04E8D5008DE277 /* Messenger */ = {
			isa = PBXNativeTarget;
			buildConfigurationList = F1DECF832A04E8D5008DE277 /* Build configuration list for PBXNativeTarget "Messenger" */;
			buildPhases = (
				F1DECF6B2A04E8D5008DE277 /* Sources */,
				F1DECF6C2A04E8D5008DE277 /* Frameworks */,
				F1DECF6D2A04E8D5008DE277 /* Resources */,
			);
			buildRules = (
			);
			dependencies = (
			);
			name = Messenger;
			productName = Messenger;
			productReference = F1DECF6F2A04E8D5008DE277 /* Messenger.app */;
			productType = "com.apple.product-type.application";
		};
/* End PBXNativeTarget section */

/* Begin PBXProject section */
		F1DECF672A04E8D5008DE277 /* Project object */ = {
			isa = PBXProject;
			attributes = {
				BuildIndependentTargetsInParallel = 1;
				LastSwiftUpdateCheck = 1430;
				LastUpgradeCheck = 1430;
				TargetAttributes = {
					F1DECF6E2A04E8D5008DE277 = {
						CreatedOnToolsVersion = 14.3;
					};
				};
			};
			buildConfigurationList = F1DECF6A2A04E8D5008DE277 /* Build configuration list for PBXProject "Messenger" */;
			compatibilityVersion = "Xcode 14.0";
			developmentRegion = en;
			hasScannedForEncodings = 0;
			knownRegions = (
				en,
				Base,
			);
			mainGroup = F1DECF662A04E8D5008DE277;
			productRefGroup = F1DECF702A04E8D5008DE277 /* Products */;
			projectDirPath = "";
			projectRoot = "";
			targets = (
				F1DECF6E2A04E8D5008DE277 /* Messenger */,
			);
		};
/* End PBXProject section */

/* Begin PBXResourcesBuildPhase section */
		F1DECF6D2A04E8D5008DE277 /* Resources */ = {
			isa = PBXResourcesBuildPhase;
			buildActionMask = 2147483647;
			files = (
				F1DECF7F2A04E8D5008DE277 /* LaunchScreen.storyboard in Resources */,
				F1DECF7C2A04E8D5008DE277 /* Assets.xcassets in Resources */,
				F1DECF7A2A04E8D5008DE277 /* Main.storyboard in Resources */,
			);
			runOnlyForDeploymentPostprocessing = 0;
		};
/* End PBXResourcesBuildPhase section */

/* Begin PBXSourcesBuildPhase section */
		F1DECF6B2A04E8D5008DE277 /* Sources */ = {
			isa = PBXSourcesBuildPhase;
			buildActionMask = 2147483647;
			files = (
				F1DECF8D2A04F2AE008DE277 /* LoginViewController.swift in Sources */,
				F1DECF932A04F2F1008DE277 /* VideoPlayerViewController.swift in Sources */,
				F1DECF952A04F322008DE277 /* NewConversationViewController.swift in Sources */,
				F1DECF8F2A04F2C2008DE277 /* RegisterViewController.swift in Sources */,
				F1DECF772A04E8D5008DE277 /* ConversationViewController.swift in Sources */,
				F1DECF732A04E8D5008DE277 /* AppDelegate.swift in Sources */,
				F1DECF972A04F32D008DE277 /* ProfileViewController.swift in Sources */,
				F1DECF752A04E8D5008DE277 /* SceneDelegate.swift in Sources */,
				F1DECF912A04F2E6008DE277 /* PhotoViewerViewController.swift in Sources */,
			);
			runOnlyForDeploymentPostprocessing = 0;
		};
/* End PBXSourcesBuildPhase section */

/* Begin PBXVariantGroup section */
		F1DECF782A04E8D5008DE277 /* Main.storyboard */ = {
			isa = PBXVariantGroup;
			children = (
				F1DECF792A04E8D5008DE277 /* Base */,
			);
			name = Main.storyboard;
			sourceTree = "<group>";
		};
		F1DECF7D2A04E8D5008DE277 /* LaunchScreen.storyboard */ = {
			isa = PBXVariantGroup;
			children = (
				F1DECF7E2A04E8D5008DE277 /* Base */,
			);
			name = LaunchScreen.storyboard;
			sourceTree = "<group>";
		};
/* End PBXVariantGroup section */

/* Begin XCBuildConfiguration section */
		F1DECF812A04E8D5008DE277 /* Debug */ = {
			isa = XCBuildConfiguration;
			buildSettings = {
				ALWAYS_SEARCH_USER_PATHS = NO;
				CLANG_ANALYZER_NONNULL = YES;
				CLANG_ANALYZER_NUMBER_OBJECT_CONVERSION = YES_AGGRESSIVE;
				CLANG_CXX_LANGUAGE_STANDARD = "gnu++20";
				CLANG_ENABLE_MODULES = YES;
				CLANG_ENABLE_OBJC_ARC = YES;
				CLANG_ENABLE_OBJC_WEAK = YES;
				CLANG_WARN_BLOCK_CAPTURE_AUTORELEASING = YES;
				CLANG_WARN_BOOL_CONVERSION = YES;
				CLANG_WARN_COMMA = YES;
				CLANG_WARN_CONSTANT_CONVERSION = YES;
				CLANG_WARN_DEPRECATED_OBJC_IMPLEMENTATIONS = YES;
				CLANG_WARN_DIRECT_OBJC_ISA_USAGE = YES_ERROR;
				CLANG_WARN_DOCUMENTATION_COMMENTS = YES;
				CLANG_WARN_EMPTY_BODY = YES;
				CLANG_WARN_ENUM_CONVERSION = YES;
				CLANG_WARN_INFINITE_RECURSION = YES;
				CLANG_WARN_INT_CONVERSION = YES;
				CLANG_WARN_NON_LITERAL_NULL_CONVERSION = YES;
				CLANG_WARN_OBJC_IMPLICIT_RETAIN_SELF = YES;
				CLANG_WARN_OBJC_LITERAL_CONVERSION = YES;
				CLANG_WARN_OBJC_ROOT_CLASS = YES_ERROR;
				CLANG_WARN_QUOTED_INCLUDE_IN_FRAMEWORK_HEADER = YES;
				CLANG_WARN_RANGE_LOOP_ANALYSIS = YES;
				CLANG_WARN_STRICT_PROTOTYPES = YES;
				CLANG_WARN_SUSPICIOUS_MOVE = YES;
				CLANG_WARN_UNGUARDED_AVAILABILITY = YES_AGGRESSIVE;
				CLANG_WARN_UNREACHABLE_CODE = YES;
				CLANG_WARN__DUPLICATE_METHOD_MATCH = YES;
				COPY_PHASE_STRIP = NO;
				DEBUG_INFORMATION_FORMAT = dwarf;
				ENABLE_STRICT_OBJC_MSGSEND = YES;
				ENABLE_TESTABILITY = YES;
				GCC_C_LANGUAGE_STANDARD = gnu11;
				GCC_DYNAMIC_NO_PIC = NO;
				GCC_NO_COMMON_BLOCKS = YES;
				GCC_OPTIMIZATION_LEVEL = 0;
				GCC_PREPROCESSOR_DEFINITIONS = (
					"DEBUG=1",
					"$(inherited)",
				);
				GCC_WARN_64_TO_32_BIT_CONVERSION = YES;
				GCC_WARN_ABOUT_RETURN_TYPE = YES_ERROR;
				GCC_WARN_UNDECLARED_SELECTOR = YES;
				GCC_WARN_UNINITIALIZED_AUTOS = YES_AGGRESSIVE;
				GCC_WARN_UNUSED_FUNCTION = YES;
				GCC_WARN_UNUSED_VARIABLE = YES;
				IPHONEOS_DEPLOYMENT_TARGET = 16.4;
				MTL_ENABLE_DEBUG_INFO = INCLUDE_SOURCE;
				MTL_FAST_MATH = YES;
				ONLY_ACTIVE_ARCH = YES;
				SDKROOT = iphoneos;
				SWIFT_ACTIVE_COMPILATION_CONDITIONS = DEBUG;
				SWIFT_OPTIMIZATION_LEVEL = "-Onone";
			};
			name = Debug;
		};
		F1DECF822A04E8D5008DE277 /* Release */ = {
			isa = XCBuildConfiguration;
			buildSettings = {
				ALWAYS_SEARCH_USER_PATHS = NO;
				CLANG_ANALYZER_NONNULL = YES;
				CLANG_ANALYZER_NUMBER_OBJECT_CONVERSION = YES_AGGRESSIVE;
				CLANG_CXX_LANGUAGE_STANDARD = "gnu++20";
				CLANG_ENABLE_MODULES = YES;
				CLANG_ENABLE_OBJC_ARC = YES;
				CLANG_ENABLE_OBJC_WEAK = YES;
				CLANG_WARN_BLOCK_CAPTURE_AUTORELEASING = YES;
				CLANG_WARN_BOOL_CONVERSION = YES;
				CLANG_WARN_COMMA = YES;
				CLANG_WARN_CONSTANT_CONVERSION = YES;
				CLANG_WARN_DEPRECATED_OBJC_IMPLEMENTATIONS = YES;
				CLANG_WARN_DIRECT_OBJC_ISA_USAGE = YES_ERROR;
				CLANG_WARN_DOCUMENTATION_COMMENTS = YES;
				CLANG_WARN_EMPTY_BODY = YES;
				CLANG_WARN_ENUM_CONVERSION = YES;
				CLANG_WARN_INFINITE_RECURSION = YES;
				CLANG_WARN_INT_CONVERSION = YES;
				CLANG_WARN_NON_LITERAL_NULL_CONVERSION = YES;
				CLANG_WARN_OBJC_IMPLICIT_RETAIN_SELF = YES;
				CLANG_WARN_OBJC_LITERAL_CONVERSION = YES;
				CLANG_WARN_OBJC_ROOT_CLASS = YES_ERROR;
				CLANG_WARN_QUOTED_INCLUDE_IN_FRAMEWORK_HEADER = YES;
				CLANG_WARN_RANGE_LOOP_ANALYSIS = YES;
				CLANG_WARN_STRICT_PROTOTYPES = YES;
				CLANG_WARN_SUSPICIOUS_MOVE = YES;
				CLANG_WARN_UNGUARDED_AVAILABILITY = YES_AGGRESSIVE;
				CLANG_WARN_UNREACHABLE_CODE = YES;
				CLANG_WARN__DUPLICATE_METHOD_MATCH = YES;
				COPY_PHASE_STRIP = NO;
				DEBUG_INFORMATION_FORMAT = "dwarf-with-dsym";
				ENABLE_NS_ASSERTIONS = NO;
				ENABLE_STRICT_OBJC_MSGSEND = YES;
				GCC_C_LANGUAGE_STANDARD = gnu11;
				GCC_NO_COMMON_BLOCKS = YES;
				GCC_WARN_64_TO_32_BIT_CONVERSION = YES;
				GCC_WARN_ABOUT_RETURN_TYPE = YES_ERROR;
				GCC_WARN_UNDECLARED_SELECTOR = YES;
				GCC_WARN_UNINITIALIZED_AUTOS = YES_AGGRESSIVE;
				GCC_WARN_UNUSED_FUNCTION = YES;
				GCC_WARN_UNUSED_VARIABLE = YES;
				IPHONEOS_DEPLOYMENT_TARGET = 16.4;
				MTL_ENABLE_DEBUG_INFO = NO;
				MTL_FAST_MATH = YES;
				SDKROOT = iphoneos;
				SWIFT_COMPILATION_MODE = wholemodule;
				SWIFT_OPTIMIZATION_LEVEL = "-O";
				VALIDATE_PRODUCT = YES;
			};
			name = Release;
		};
		F1DECF842A04E8D5008DE277 /* Debug */ = {
			isa = XCBuildConfiguration;
			buildSettings = {
				ASSETCATALOG_COMPILER_APPICON_NAME = AppIcon;
				ASSETCATALOG_COMPILER_GLOBAL_ACCENT_COLOR_NAME = AccentColor;
				CODE_SIGN_STYLE = Automatic;
				CURRENT_PROJECT_VERSION = 1;
				DEVELOPMENT_TEAM = JY9QH7G8BB;
				GENERATE_INFOPLIST_FILE = YES;
				INFOPLIST_FILE = Messenger/Info.plist;
				INFOPLIST_KEY_UIApplicationSupportsIndirectInputEvents = YES;
				INFOPLIST_KEY_UILaunchStoryboardName = LaunchScreen;
				INFOPLIST_KEY_UIMainStoryboardFile = Main;
				INFOPLIST_KEY_UISupportedInterfaceOrientations = UIInterfaceOrientationPortrait;
				INFOPLIST_KEY_UISupportedInterfaceOrientations_iPad = "UIInterfaceOrientationPortrait UIInterfaceOrientationPortraitUpsideDown";
				IPHONEOS_DEPLOYMENT_TARGET = 13.0;
				LD_RUNPATH_SEARCH_PATHS = (
					"$(inherited)",
					"@executable_path/Frameworks",
				);
				MARKETING_VERSION = 1.0;
				PRODUCT_BUNDLE_IDENTIFIER = com.SamSung.Messenger;
				PRODUCT_NAME = "$(TARGET_NAME)";
				SUPPORTED_PLATFORMS = "iphoneos iphonesimulator";
				SUPPORTS_MACCATALYST = NO;
				SUPPORTS_MAC_DESIGNED_FOR_IPHONE_IPAD = NO;
				SWIFT_EMIT_LOC_STRINGS = YES;
				SWIFT_VERSION = 5.0;
				TARGETED_DEVICE_FAMILY = 1;
			};
			name = Debug;
		};
		F1DECF852A04E8D5008DE277 /* Release */ = {
			isa = XCBuildConfiguration;
			buildSettings = {
				ASSETCATALOG_COMPILER_APPICON_NAME = AppIcon;
				ASSETCATALOG_COMPILER_GLOBAL_ACCENT_COLOR_NAME = AccentColor;
				CODE_SIGN_STYLE = Automatic;
				CURRENT_PROJECT_VERSION = 1;
				DEVELOPMENT_TEAM = JY9QH7G8BB;
				GENERATE_INFOPLIST_FILE = YES;
				INFOPLIST_FILE = Messenger/Info.plist;
				INFOPLIST_KEY_UIApplicationSupportsIndirectInputEvents = YES;
				INFOPLIST_KEY_UILaunchStoryboardName = LaunchScreen;
				INFOPLIST_KEY_UIMainStoryboardFile = Main;
				INFOPLIST_KEY_UISupportedInterfaceOrientations = UIInterfaceOrientationPortrait;
				INFOPLIST_KEY_UISupportedInterfaceOrientations_iPad = "UIInterfaceOrientationPortrait UIInterfaceOrientationPortraitUpsideDown";
				IPHONEOS_DEPLOYMENT_TARGET = 13.0;
				LD_RUNPATH_SEARCH_PATHS = (
					"$(inherited)",
					"@executable_path/Frameworks",
				);
				MARKETING_VERSION = 1.0;
				PRODUCT_BUNDLE_IDENTIFIER = com.SamSung.Messenger;
				PRODUCT_NAME = "$(TARGET_NAME)";
				SUPPORTED_PLATFORMS = "iphoneos iphonesimulator";
				SUPPORTS_MACCATALYST = NO;
				SUPPORTS_MAC_DESIGNED_FOR_IPHONE_IPAD = NO;
				SWIFT_EMIT_LOC_STRINGS = YES;
				SWIFT_VERSION = 5.0;
				TARGETED_DEVICE_FAMILY = 1;
			};
			name = Release;
		};
/* End XCBuildConfiguration section */

/* Begin XCConfigurationList section */
		F1DECF6A2A04E8D5008DE277 /* Build configuration list for PBXProject "Messenger" */ = {
			isa = XCConfigurationList;
			buildConfigurations = (
				F1DECF812A04E8D5008DE277 /* Debug */,
				F1DECF822A04E8D5008DE277 /* Release */,
			);
			defaultConfigurationIsVisible = 0;
			defaultConfigurationName = Release;
		};
		F1DECF832A04E8D5008DE277 /* Build configuration list for PBXNativeTarget "Messenger" */ = {
			isa = XCConfigurationList;
			buildConfigurations = (
				F1DECF842A04E8D5008DE277 /* Debug */,
				F1DECF852A04E8D5008DE277 /* Release */,
			);
			defaultConfigurationIsVisible = 0;
			defaultConfigurationName = Release;
		};
/* End XCConfigurationList section */
	};
	rootObject = F1DECF672A04E8D5008DE277 /* Project object */;
}
